// !$*UTF8*$!
{
	archiveVersion = 1;
	classes = {
	};
	objectVersion = 77;
	objects = {

/* Begin PBXBuildFile section */
		498E9D90B643CEB7F716592F /* ViewController.swift in Sources */ = {isa = PBXBuildFile; fileRef = BAC82E49493D25EE7D962681 /* ViewController.swift */; };
		4C8D6758713CF24EBBC26564 /* SceneDelegate.swift in Sources */ = {isa = PBXBuildFile; fileRef = 07932468E2754C6E53C735DA /* SceneDelegate.swift */; };
		D037F1C808E1BA2F8DD8B330 /* AppDelegate.swift in Sources */ = {isa = PBXBuildFile; fileRef = B3B7C636C63716C6F2DC4577 /* AppDelegate.swift */; };
		F81A869635C7FC0041582612 /* Cobe in Frameworks */ = {isa = PBXBuildFile; productRef = ECF0511671B6A150B36ACB50 /* Cobe */; };
/* End PBXBuildFile section */

/* Begin PBXFileReference section */
		07932468E2754C6E53C735DA /* SceneDelegate.swift */ = {isa = PBXFileReference; lastKnownFileType = sourcecode.swift; path = SceneDelegate.swift; sourceTree = "<group>"; };
		134253878D57830DF24932C5 /* cobe-ios */ = {isa = PBXFileReference; lastKnownFileType = folder; name = "cobe-ios"; path = ..; sourceTree = SOURCE_ROOT; };
		79DFD8EFFB885CE0B8A76791 /* Info.plist */ = {isa = PBXFileReference; lastKnownFileType = text.plist; path = Info.plist; sourceTree = "<group>"; };
		B3B7C636C63716C6F2DC4577 /* AppDelegate.swift */ = {isa = PBXFileReference; lastKnownFileType = sourcecode.swift; path = AppDelegate.swift; sourceTree = "<group>"; };
		BAC82E49493D25EE7D962681 /* ViewController.swift */ = {isa = PBXFileReference; lastKnownFileType = sourcecode.swift; path = ViewController.swift; sourceTree = "<group>"; };
		FABB554AAA66FC067F5AF818 /* CobeDemo.app */ = {isa = PBXFileReference; includeInIndex = 0; lastKnownFileType = wrapper.application; path = CobeDemo.app; sourceTree = BUILT_PRODUCTS_DIR; };
/* End PBXFileReference section */

/* Begin PBXFrameworksBuildPhase section */
		0794F415F87E5D48494DFC67 /* Frameworks */ = {
			isa = PBXFrameworksBuildPhase;
			buildActionMask = 2147483647;
			files = (
				F81A869635C7FC0041582612 /* Cobe in Frameworks */,
			);
			runOnlyForDeploymentPostprocessing = 0;
		};
/* End PBXFrameworksBuildPhase section */

/* Begin PBXGroup section */
		031D966BFE8F7599ACC87940 /* Products */ = {
			isa = PBXGroup;
			children = (
				FABB554AAA66FC067F5AF818 /* CobeDemo.app */,
			);
			name = Products;
			sourceTree = "<group>";
		};
		57E81D329C9D2BF36B15DE77 = {
			isa = PBXGroup;
			children = (
				5EAFEAA2E19A803A071AF21F /* Demo */,
				8F40DC980F8ED7F8D487C3F2 /* Packages */,
				031D966BFE8F7599ACC87940 /* Products */,
			);
			sourceTree = "<group>";
		};
		5EAFEAA2E19A803A071AF21F /* Demo */ = {
			isa = PBXGroup;
			children = (
				B3B7C636C63716C6F2DC4577 /* AppDelegate.swift */,
				79DFD8EFFB885CE0B8A76791 /* Info.plist */,
				07932468E2754C6E53C735DA /* SceneDelegate.swift */,
				BAC82E49493D25EE7D962681 /* ViewController.swift */,
			);
			path = Demo;
			sourceTree = "<group>";
		};
		8F40DC980F8ED7F8D487C3F2 /* Packages */ = {
			isa = PBXGroup;
			children = (
				134253878D57830DF24932C5 /* cobe-ios */,
			);
			name = Packages;
			sourceTree = "<group>";
		};
/* End PBXGroup section */

/* Begin PBXNativeTarget section */
		DE5A574B2F55A209FBAD6B11 /* CobeDemo */ = {
			isa = PBXNativeTarget;
			buildConfigurationList = 81A961437B3F1FE236A98342 /* Build configuration list for PBXNativeTarget "CobeDemo" */;
			buildPhases = (
				30F784BCBFAF23D4024BFBA2 /* Sources */,
				0794F415F87E5D48494DFC67 /* Frameworks */,
			);
			buildRules = (
			);
			dependencies = (
			);
			name = CobeDemo;
			packageProductDependencies = (
				ECF0511671B6A150B36ACB50 /* Cobe */,
			);
			productName = CobeDemo;
			productReference = FABB554AAA66FC067F5AF818 /* CobeDemo.app */;
			productType = "com.apple.product-type.application";
		};
/* End PBXNativeTarget section */

/* Begin PBXProject section */
		0EC12E9928B69577376806EA /* Project object */ = {
			isa = PBXProject;
			attributes = {
				BuildIndependentTargetsInParallel = YES;
				LastUpgradeCheck = 1430;
			};
			buildConfigurationList = 3510918D4B806E9A09BC130B /* Build configuration list for PBXProject "CobeDemo" */;
			compatibilityVersion = "Xcode 14.0";
			developmentRegion = en;
			hasScannedForEncodings = 0;
			knownRegions = (
				Base,
				en,
			);
			mainGroup = 57E81D329C9D2BF36B15DE77;
			minimizedProjectReferenceProxies = 1;
			packageReferences = (
				9CFBEEF1A179787ECC781F3B /* XCLocalSwiftPackageReference ".." */,
			);
			preferredProjectObjectVersion = 77;
			projectDirPath = "";
			projectRoot = "";
			targets = (
				DE5A574B2F55A209FBAD6B11 /* CobeDemo */,
			);
		};
/* End PBXProject section */

/* Begin PBXSourcesBuildPhase section */
		30F784BCBFAF23D4024BFBA2 /* Sources */ = {
			isa = PBXSourcesBuildPhase;
			buildActionMask = 2147483647;
			files = (
				D037F1C808E1BA2F8DD8B330 /* AppDelegate.swift in Sources */,
				4C8D6758713CF24EBBC26564 /* SceneDelegate.swift in Sources */,
				498E9D90B643CEB7F716592F /* ViewController.swift in Sources */,
			);
			runOnlyForDeploymentPostprocessing = 0;
		};
/* End PBXSourcesBuildPhase section */

/* Begin XCBuildConfiguration section */
		4D6C7A112873F84B51959F54 /* Release */ = {
			isa = XCBuildConfiguration;
			buildSettings = {
				ALWAYS_SEARCH_USER_PATHS = NO;
				CLANG_ANALYZER_NONNULL = YES;
				CLANG_ANALYZER_NUMBER_OBJECT_CONVERSION = YES_AGGRESSIVE;
				CLANG_CXX_LANGUAGE_STANDARD = "gnu++14";
				CLANG_CXX_LIBRARY = "libc++";
				CLANG_ENABLE_MODULES = YES;
				CLANG_ENABLE_OBJC_ARC = YES;
				CLANG_ENABLE_OBJC_WEAK = YES;
				CLANG_WARN_BLOCK_CAPTURE_AUTORELEASING = YES;
				CLANG_WARN_BOOL_CONVERSION = YES;
				CLANG_WARN_COMMA = YES;
				CLANG_WARN_CONSTANT_CONVERSION = YES;
				CLANG_WARN_DEPRECATED_OBJC_IMPLEMENTATIONS = YES;
				CLANG_WARN_DIRECT_OBJC_ISA_USAGE = YES_ERROR;
				CLANG_WARN_DOCUMENTATION_COMMENTS = YES;
				CLANG_WARN_EMPTY_BODY = YES;
				CLANG_WARN_ENUM_CONVERSION = YES;
				CLANG_WARN_INFINITE_RECURSION = YES;
				CLANG_WARN_INT_CONVERSION = YES;
				CLANG_WARN_NON_LITERAL_NULL_CONVERSION = YES;
				CLANG_WARN_OBJC_IMPLICIT_RETAIN_SELF = YES;
				CLANG_WARN_OBJC_LITERAL_CONVERSION = YES;
				CLANG_WARN_OBJC_ROOT_CLASS = YES_ERROR;
				CLANG_WARN_QUOTED_INCLUDE_IN_FRAMEWORK_HEADER = YES;
				CLANG_WARN_RANGE_LOOP_ANALYSIS = YES;
				CLANG_WARN_STRICT_PROTOTYPES = YES;
				CLANG_WARN_SUSPICIOUS_MOVE = YES;
				CLANG_WARN_UNGUARDED_AVAILABILITY = YES_AGGRESSIVE;
				CLANG_WARN_UNREACHABLE_CODE = YES;
				CLANG_WARN__DUPLICATE_METHOD_MATCH = YES;
				COPY_PHASE_STRIP = NO;
				DEBUG_INFORMATION_FORMAT = "dwarf-with-dsym";
				ENABLE_NS_ASSERTIONS = NO;
				ENABLE_STRICT_OBJC_MSGSEND = YES;
				GCC_C_LANGUAGE_STANDARD = gnu11;
				GCC_NO_COMMON_BLOCKS = YES;
				GCC_WARN_64_TO_32_BIT_CONVERSION = YES;
				GCC_WARN_ABOUT_RETURN_TYPE = YES_ERROR;
				GCC_WARN_UNDECLARED_SELECTOR = YES;
				GCC_WARN_UNINITIALIZED_AUTOS = YES_AGGRESSIVE;
				GCC_WARN_UNUSED_FUNCTION = YES;
				GCC_WARN_UNUSED_VARIABLE = YES;
				IPHONEOS_DEPLOYMENT_TARGET = 14.0;
				MTL_ENABLE_DEBUG_INFO = NO;
				MTL_FAST_MATH = YES;
				PRODUCT_NAME = "$(TARGET_NAME)";
				SDKROOT = iphoneos;
				SWIFT_COMPILATION_MODE = wholemodule;
				SWIFT_OPTIMIZATION_LEVEL = "-O";
				SWIFT_VERSION = 5.0;
			};
			name = Release;
		};
		6D15940018F88CD77CF63D82 /* Release */ = {
			isa = XCBuildConfiguration;
			buildSettings = {
				ASSETCATALOG_COMPILER_APPICON_NAME = AppIcon;
				CODE_SIGN_IDENTITY = "iPhone Developer";
				INFOPLIST_FILE = Demo/Info.plist;
				LD_RUNPATH_SEARCH_PATHS = (
					"$(inherited)",
					"@executable_path/Frameworks",
				);
				PRODUCT_BUNDLE_IDENTIFIER = com.cobe.demo;
				SDKROOT = iphoneos;
				SWIFT_VERSION = 5.7;
				TARGETED_DEVICE_FAMILY = "1,2";
			};
			name = Release;
		};
		D1ACB0F55BB64956658DDDA6 /* Debug */ = {
			isa = XCBuildConfiguration;
			buildSettings = {
				ALWAYS_SEARCH_USER_PATHS = NO;
				CLANG_ANALYZER_NONNULL = YES;
				CLANG_ANALYZER_NUMBER_OBJECT_CONVERSION = YES_AGGRESSIVE;
				CLANG_CXX_LANGUAGE_STANDARD = "gnu++14";
				CLANG_CXX_LIBRARY = "libc++";
				CLANG_ENABLE_MODULES = YES;
				CLANG_ENABLE_OBJC_ARC = YES;
				CLANG_ENABLE_OBJC_WEAK = YES;
				CLANG_WARN_BLOCK_CAPTURE_AUTORELEASING = YES;
				CLANG_WARN_BOOL_CONVERSION = YES;
				CLANG_WARN_COMMA = YES;
				CLANG_WARN_CONSTANT_CONVERSION = YES;
				CLANG_WARN_DEPRECATED_OBJC_IMPLEMENTATIONS = YES;
				CLANG_WARN_DIRECT_OBJC_ISA_USAGE = YES_ERROR;
				CLANG_WARN_DOCUMENTATION_COMMENTS = YES;
				CLANG_WARN_EMPTY_BODY = YES;
				CLANG_WARN_ENUM_CONVERSION = YES;
				CLANG_WARN_INFINITE_RECURSION = YES;
				CLANG_WARN_INT_CONVERSION = YES;
				CLANG_WARN_NON_LITERAL_NULL_CONVERSION = YES;
				CLANG_WARN_OBJC_IMPLICIT_RETAIN_SELF = YES;
				CLANG_WARN_OBJC_LITERAL_CONVERSION = YES;
				CLANG_WARN_OBJC_ROOT_CLASS = YES_ERROR;
				CLANG_WARN_QUOTED_INCLUDE_IN_FRAMEWORK_HEADER = YES;
				CLANG_WARN_RANGE_LOOP_ANALYSIS = YES;
				CLANG_WARN_STRICT_PROTOTYPES = YES;
				CLANG_WARN_SUSPICIOUS_MOVE = YES;
				CLANG_WARN_UNGUARDED_AVAILABILITY = YES_AGGRESSIVE;
				CLANG_WARN_UNREACHABLE_CODE = YES;
				CLANG_WARN__DUPLICATE_METHOD_MATCH = YES;
				COPY_PHASE_STRIP = NO;
				DEBUG_INFORMATION_FORMAT = dwarf;
				ENABLE_STRICT_OBJC_MSGSEND = YES;
				ENABLE_TESTABILITY = YES;
				GCC_C_LANGUAGE_STANDARD = gnu11;
				GCC_DYNAMIC_NO_PIC = NO;
				GCC_NO_COMMON_BLOCKS = YES;
				GCC_OPTIMIZATION_LEVEL = 0;
				GCC_PREPROCESSOR_DEFINITIONS = (
					"$(inherited)",
					"DEBUG=1",
				);
				GCC_WARN_64_TO_32_BIT_CONVERSION = YES;
				GCC_WARN_ABOUT_RETURN_TYPE = YES_ERROR;
				GCC_WARN_UNDECLARED_SELECTOR = YES;
				GCC_WARN_UNINITIALIZED_AUTOS = YES_AGGRESSIVE;
				GCC_WARN_UNUSED_FUNCTION = YES;
				GCC_WARN_UNUSED_VARIABLE = YES;
				IPHONEOS_DEPLOYMENT_TARGET = 14.0;
				MTL_ENABLE_DEBUG_INFO = INCLUDE_SOURCE;
				MTL_FAST_MATH = YES;
				ONLY_ACTIVE_ARCH = YES;
				PRODUCT_NAME = "$(TARGET_NAME)";
				SDKROOT = iphoneos;
				SWIFT_ACTIVE_COMPILATION_CONDITIONS = DEBUG;
				SWIFT_OPTIMIZATION_LEVEL = "-Onone";
				SWIFT_VERSION = 5.0;
			};
			name = Debug;
		};
		F11B1E1C32AD0CD7625CD1DC /* Debug */ = {
			isa = XCBuildConfiguration;
			buildSettings = {
				ASSETCATALOG_COMPILER_APPICON_NAME = AppIcon;
				CODE_SIGN_IDENTITY = "iPhone Developer";
				INFOPLIST_FILE = Demo/Info.plist;
				LD_RUNPATH_SEARCH_PATHS = (
					"$(inherited)",
					"@executable_path/Frameworks",
				);
				PRODUCT_BUNDLE_IDENTIFIER = com.cobe.demo;
				SDKROOT = iphoneos;
				SWIFT_VERSION = 5.7;
				TARGETED_DEVICE_FAMILY = "1,2";
			};
			name = Debug;
		};
/* End XCBuildConfiguration section */

/* Begin XCConfigurationList section */
		3510918D4B806E9A09BC130B /* Build configuration list for PBXProject "CobeDemo" */ = {
			isa = XCConfigurationList;
			buildConfigurations = (
				D1ACB0F55BB64956658DDDA6 /* Debug */,
				4D6C7A112873F84B51959F54 /* Release */,
			);
			defaultConfigurationIsVisible = 0;
			defaultConfigurationName = Debug;
		};
		81A961437B3F1FE236A98342 /* Build configuration list for PBXNativeTarget "CobeDemo" */ = {
			isa = XCConfigurationList;
			buildConfigurations = (
				F11B1E1C32AD0CD7625CD1DC /* Debug */,
				6D15940018F88CD77CF63D82 /* Release */,
			);
			defaultConfigurationIsVisible = 0;
			defaultConfigurationName = Debug;
		};
/* End XCConfigurationList section */

/* Begin XCLocalSwiftPackageReference section */
		9CFBEEF1A179787ECC781F3B /* XCLocalSwiftPackageReference ".." */ = {
			isa = XCLocalSwiftPackageReference;
			relativePath = ..;
		};
/* End XCLocalSwiftPackageReference section */

/* Begin XCSwiftPackageProductDependency section */
		ECF0511671B6A150B36ACB50 /* Cobe */ = {
			isa = XCSwiftPackageProductDependency;
			productName = Cobe;
		};
/* End XCSwiftPackageProductDependency section */
	};
	rootObject = 0EC12E9928B69577376806EA /* Project object */;
}
